
Microsoft Visual Studio Solution File, Format Version 12.00
Project("{2150E333-8FDC-42A3-9474-1A3956D46DE8}") = "src", "src", "{9D1BF936-8EF0-415D-A014-22327BFF6C43}"
EndProject
Project("{2150E333-8FDC-42A3-9474-1A3956D46DE8}") = "Api", "Api", "{1699C5D3-DC31-4579-BC9D-BFAA2BC32ADC}"
EndProject
Project("{FAE04EC0-301F-11D3-BF4B-00C04F79EFBC}") = "Application", "src\Api\Application\Application.csproj", "{4FAF2141-1C90-4658-8EB5-AED56E0842AA}"
EndProject
Project("{FAE04EC0-301F-11D3-BF4B-00C04F79EFBC}") = "Host", "src\Api\Host\Host.csproj", "{F3834B49-46FC-4F5D-B566-3578C7966013}"
EndProject
Project("{FAE04EC0-301F-11D3-BF4B-00C04F79EFBC}") = "Domain", "src\Api\Domain\Domain.csproj", "{98F3751D-5E8D-4927-B4AA-1B103752AA78}"
EndProject
Project("{FAE04EC0-301F-11D3-BF4B-00C04F79EFBC}") = "Infrastructure", "src\Api\Infrastructure\Infrastructure.csproj", "{2DFF3EC7-9A28-4121-8F64-9FDC7C1EC5CA}"
EndProject
Project("{FAE04EC0-301F-11D3-BF4B-00C04F79EFBC}") = "Migrators.MySQL", "src\Api\Migrators.MySQL\Migrators.MySQL.csproj", "{4311BBF7-0799-4CF9-87A1-9B923E7AFBB6}"
EndProject
Project("{FAE04EC0-301F-11D3-BF4B-00C04F79EFBC}") = "Api.Test", "src\Api\Api.Test\Api.Test.csproj", "{586D9D5A-07A2-4332-8D49-20BA21F34685}"
EndProject
Global
	GlobalSection(SolutionConfigurationPlatforms) = preSolution
		Debug|Any CPU = Debug|Any CPU
		Release|Any CPU = Release|Any CPU
	EndGlobalSection
	GlobalSection(ProjectConfigurationPlatforms) = postSolution
		{3E28F81C-0F5A-4EDB-9FAD-9F53696647F1}.Debug|Any CPU.ActiveCfg = Debug|Any CPU
		{3E28F81C-0F5A-4EDB-9FAD-9F53696647F1}.Debug|Any CPU.Build.0 = Debug|Any CPU
		{3E28F81C-0F5A-4EDB-9FAD-9F53696647F1}.Release|Any CPU.ActiveCfg = Release|Any CPU
		{3E28F81C-0F5A-4EDB-9FAD-9F53696647F1}.Release|Any CPU.Build.0 = Release|Any CPU
		{615A0B82-C71D-4B0A-A012-7039A1BA2D57}.Debug|Any CPU.ActiveCfg = Debug|Any CPU
		{615A0B82-C71D-4B0A-A012-7039A1BA2D57}.Debug|Any CPU.Build.0 = Debug|Any CPU
		{615A0B82-C71D-4B0A-A012-7039A1BA2D57}.Release|Any CPU.ActiveCfg = Release|Any CPU
		{615A0B82-C71D-4B0A-A012-7039A1BA2D57}.Release|Any CPU.Build.0 = Release|Any CPU
		{4FAF2141-1C90-4658-8EB5-AED56E0842AA}.Debug|Any CPU.ActiveCfg = Debug|Any CPU
		{4FAF2141-1C90-4658-8EB5-AED56E0842AA}.Debug|Any CPU.Build.0 = Debug|Any CPU
		{4FAF2141-1C90-4658-8EB5-AED56E0842AA}.Release|Any CPU.ActiveCfg = Release|Any CPU
		{4FAF2141-1C90-4658-8EB5-AED56E0842AA}.Release|Any CPU.Build.0 = Release|Any CPU
		{F3834B49-46FC-4F5D-B566-3578C7966013}.Debug|Any CPU.ActiveCfg = Debug|Any CPU
		{F3834B49-46FC-4F5D-B566-3578C7966013}.Debug|Any CPU.Build.0 = Debug|Any CPU
		{F3834B49-46FC-4F5D-B566-3578C7966013}.Release|Any CPU.ActiveCfg = Release|Any CPU
		{F3834B49-46FC-4F5D-B566-3578C7966013}.Release|Any CPU.Build.0 = Release|Any CPU
		{98F3751D-5E8D-4927-B4AA-1B103752AA78}.Debug|Any CPU.ActiveCfg = Debug|Any CPU
		{98F3751D-5E8D-4927-B4AA-1B103752AA78}.Debug|Any CPU.Build.0 = Debug|Any CPU
		{98F3751D-5E8D-4927-B4AA-1B103752AA78}.Release|Any CPU.ActiveCfg = Release|Any CPU
		{98F3751D-5E8D-4927-B4AA-1B103752AA78}.Release|Any CPU.Build.0 = Release|Any CPU
		{2DFF3EC7-9A28-4121-8F64-9FDC7C1EC5CA}.Debug|Any CPU.ActiveCfg = Debug|Any CPU
		{2DFF3EC7-9A28-4121-8F64-9FDC7C1EC5CA}.Debug|Any CPU.Build.0 = Debug|Any CPU
		{2DFF3EC7-9A28-4121-8F64-9FDC7C1EC5CA}.Release|Any CPU.ActiveCfg = Release|Any CPU
		{2DFF3EC7-9A28-4121-8F64-9FDC7C1EC5CA}.Release|Any CPU.Build.0 = Release|Any CPU
		{4311BBF7-0799-4CF9-87A1-9B923E7AFBB6}.Debug|Any CPU.ActiveCfg = Debug|Any CPU
		{4311BBF7-0799-4CF9-87A1-9B923E7AFBB6}.Debug|Any CPU.Build.0 = Debug|Any CPU
		{4311BBF7-0799-4CF9-87A1-9B923E7AFBB6}.Release|Any CPU.ActiveCfg = Release|Any CPU
		{4311BBF7-0799-4CF9-87A1-9B923E7AFBB6}.Release|Any CPU.Build.0 = Release|Any CPU
		{586D9D5A-07A2-4332-8D49-20BA21F34685}.Debug|Any CPU.ActiveCfg = Debug|Any CPU
		{586D9D5A-07A2-4332-8D49-20BA21F34685}.Debug|Any CPU.Build.0 = Debug|Any CPU
		{586D9D5A-07A2-4332-8D49-20BA21F34685}.Release|Any CPU.ActiveCfg = Release|Any CPU
		{586D9D5A-07A2-4332-8D49-20BA21F34685}.Release|Any CPU.Build.0 = Release|Any CPU
	EndGlobalSection
	GlobalSection(NestedProjects) = preSolution
		{1699C5D3-DC31-4579-BC9D-BFAA2BC32ADC} = {9D1BF936-8EF0-415D-A014-22327BFF6C43}
		{4FAF2141-1C90-4658-8EB5-AED56E0842AA} = {1699C5D3-DC31-4579-BC9D-BFAA2BC32ADC}
		{F3834B49-46FC-4F5D-B566-3578C7966013} = {1699C5D3-DC31-4579-BC9D-BFAA2BC32ADC}
		{98F3751D-5E8D-4927-B4AA-1B103752AA78} = {1699C5D3-DC31-4579-BC9D-BFAA2BC32ADC}
		{2DFF3EC7-9A28-4121-8F64-9FDC7C1EC5CA} = {1699C5D3-DC31-4579-BC9D-BFAA2BC32ADC}
		{4311BBF7-0799-4CF9-87A1-9B923E7AFBB6} = {1699C5D3-DC31-4579-BC9D-BFAA2BC32ADC}
		{586D9D5A-07A2-4332-8D49-20BA21F34685} = {1699C5D3-DC31-4579-BC9D-BFAA2BC32ADC}
	EndGlobalSection
EndGlobal
