
Microsoft Visual Studio Solution File, Format Version 12.00
Project("{FAE04EC0-301F-11D3-BF4B-00C04F79EFBC}") = "Api", "Api\Api.csproj", "{56BCE8E1-F672-4648-9F0F-759BC5E06DAF}"
EndProject
Project("{FAE04EC0-301F-11D3-BF4B-00C04F79EFBC}") = "Api.Tests", "Api.Tests\Api.Tests.csproj", "{3412EFC4-8126-4875-AE14-EA121C56AF9C}"
EndProject
Project("{FAE04EC0-301F-11D3-BF4B-00C04F79EFBC}") = "Benchmark", "Benchmark\Benchmark.csproj", "{2C56796D-1FA9-40E3-B3B1-5F618C19E6BC}"
EndProject
Global
	GlobalSection(SolutionConfigurationPlatforms) = preSolution
		Debug|Any CPU = Debug|Any CPU
		Release|Any CPU = Release|Any CPU
	EndGlobalSection
	GlobalSection(ProjectConfigurationPlatforms) = postSolution
		{56BCE8E1-F672-4648-9F0F-759BC5E06DAF}.Debug|Any CPU.ActiveCfg = Debug|Any CPU
		{56BCE8E1-F672-4648-9F0F-759BC5E06DAF}.Debug|Any CPU.Build.0 = Debug|Any CPU
		{56BCE8E1-F672-4648-9F0F-759BC5E06DAF}.Release|Any CPU.ActiveCfg = Release|Any CPU
		{56BCE8E1-F672-4648-9F0F-759BC5E06DAF}.Release|Any CPU.Build.0 = Release|Any CPU
		{3412EFC4-8126-4875-AE14-EA121C56AF9C}.Debug|Any CPU.ActiveCfg = Debug|Any CPU
		{3412EFC4-8126-4875-AE14-EA121C56AF9C}.Debug|Any CPU.Build.0 = Debug|Any CPU
		{3412EFC4-8126-4875-AE14-EA121C56AF9C}.Release|Any CPU.ActiveCfg = Release|Any CPU
		{3412EFC4-8126-4875-AE14-EA121C56AF9C}.Release|Any CPU.Build.0 = Release|Any CPU
		{2C56796D-1FA9-40E3-B3B1-5F618C19E6BC}.Debug|Any CPU.ActiveCfg = Debug|Any CPU
		{2C56796D-1FA9-40E3-B3B1-5F618C19E6BC}.Debug|Any CPU.Build.0 = Debug|Any CPU
		{2C56796D-1FA9-40E3-B3B1-5F618C19E6BC}.Release|Any CPU.ActiveCfg = Release|Any CPU
		{2C56796D-1FA9-40E3-B3B1-5F618C19E6BC}.Release|Any CPU.Build.0 = Release|Any CPU
	EndGlobalSection
EndGlobal
